
Microsoft Visual Studio Solution File, Format Version 12.00
# Visual Studio Version 17
VisualStudioVersion = 17.1.32104.313
MinimumVisualStudioVersion = 10.0.40219.1
Project("{FAE04EC0-301F-11D3-BF4B-00C04F79EFBC}") = "SOColeta.Android", "AppColeta.Android\SOColeta.Android.csproj", "{893A3C0B-B9AD-498C-A367-077705C84405}"
EndProject
Project("{9A19103F-16F7-4668-BE54-9A1E7A4F7556}") = "SOColeta", "AppColeta\SOColeta.csproj", "{CA24B7EB-9448-4C5F-A049-4E61119DBD0A}"
EndProject
Project("{2150E333-8FDC-42A3-9474-1A3956D46DE8}") = "Mobile", "Mobile", "{95A2A94E-73FB-4E7D-9107-A208E363807E}"
EndProject
Project("{2150E333-8FDC-42A3-9474-1A3956D46DE8}") = "Service", "Service", "{01116344-24F0-4D6F-B4A4-FF1D0BDF441E}"
EndProject
Project("{FAE04EC0-301F-11D3-BF4B-00C04F79EFBC}") = "SOColeta.Server", "SOColeta.Server\SOColeta.Server.csproj", "{4C905F69-34CA-4311-B39F-F26BFF366665}"
EndProject
Project("{FAE04EC0-301F-11D3-BF4B-00C04F79EFBC}") = "SOColeta.Common", "SOColeta.Common\SOColeta.Common.csproj", "{F38698DE-11A3-4626-8FE8-772C1B52DEAB}"
EndProject
Project("{FAE04EC0-301F-11D3-BF4B-00C04F79EFBC}") = "SOColeta.Domain", "SOColeta.Domain\SOColeta.Domain.csproj", "{967E6B9C-0549-4277-AB77-CF5E393EF151}"
EndProject
Global
	GlobalSection(SolutionConfigurationPlatforms) = preSolution
		Debug|Any CPU = Debug|Any CPU
		Debug|ARM = Debug|ARM
		Debug|iPhone = Debug|iPhone
		Debug|iPhoneSimulator = Debug|iPhoneSimulator
		Debug|x64 = Debug|x64
		Debug|x86 = Debug|x86
		Release|Any CPU = Release|Any CPU
		Release|ARM = Release|ARM
		Release|iPhone = Release|iPhone
		Release|iPhoneSimulator = Release|iPhoneSimulator
		Release|x64 = Release|x64
		Release|x86 = Release|x86
		TKT|Any CPU = TKT|Any CPU
		TKT|ARM = TKT|ARM
		TKT|iPhone = TKT|iPhone
		TKT|iPhoneSimulator = TKT|iPhoneSimulator
		TKT|x64 = TKT|x64
		TKT|x86 = TKT|x86
	EndGlobalSection
	GlobalSection(ProjectConfigurationPlatforms) = postSolution
		{893A3C0B-B9AD-498C-A367-077705C84405}.Debug|Any CPU.ActiveCfg = Debug|Any CPU
		{893A3C0B-B9AD-498C-A367-077705C84405}.Debug|Any CPU.Build.0 = Debug|Any CPU
		{893A3C0B-B9AD-498C-A367-077705C84405}.Debug|Any CPU.Deploy.0 = Debug|Any CPU
		{893A3C0B-B9AD-498C-A367-077705C84405}.Debug|ARM.ActiveCfg = Debug|Any CPU
		{893A3C0B-B9AD-498C-A367-077705C84405}.Debug|ARM.Build.0 = Debug|Any CPU
		{893A3C0B-B9AD-498C-A367-077705C84405}.Debug|ARM.Deploy.0 = Debug|Any CPU
		{893A3C0B-B9AD-498C-A367-077705C84405}.Debug|iPhone.ActiveCfg = Debug|Any CPU
		{893A3C0B-B9AD-498C-A367-077705C84405}.Debug|iPhone.Build.0 = Debug|Any CPU
		{893A3C0B-B9AD-498C-A367-077705C84405}.Debug|iPhone.Deploy.0 = Debug|Any CPU
		{893A3C0B-B9AD-498C-A367-077705C84405}.Debug|iPhoneSimulator.ActiveCfg = Debug|Any CPU
		{893A3C0B-B9AD-498C-A367-077705C84405}.Debug|iPhoneSimulator.Build.0 = Debug|Any CPU
		{893A3C0B-B9AD-498C-A367-077705C84405}.Debug|iPhoneSimulator.Deploy.0 = Debug|Any CPU
		{893A3C0B-B9AD-498C-A367-077705C84405}.Debug|x64.ActiveCfg = Debug|Any CPU
		{893A3C0B-B9AD-498C-A367-077705C84405}.Debug|x64.Build.0 = Debug|Any CPU
		{893A3C0B-B9AD-498C-A367-077705C84405}.Debug|x64.Deploy.0 = Debug|Any CPU
		{893A3C0B-B9AD-498C-A367-077705C84405}.Debug|x86.ActiveCfg = Debug|Any CPU
		{893A3C0B-B9AD-498C-A367-077705C84405}.Debug|x86.Build.0 = Debug|Any CPU
		{893A3C0B-B9AD-498C-A367-077705C84405}.Debug|x86.Deploy.0 = Debug|Any CPU
		{893A3C0B-B9AD-498C-A367-077705C84405}.Release|Any CPU.ActiveCfg = Release|Any CPU
		{893A3C0B-B9AD-498C-A367-077705C84405}.Release|Any CPU.Build.0 = Release|Any CPU
		{893A3C0B-B9AD-498C-A367-077705C84405}.Release|Any CPU.Deploy.0 = Release|Any CPU
		{893A3C0B-B9AD-498C-A367-077705C84405}.Release|ARM.ActiveCfg = Release|Any CPU
		{893A3C0B-B9AD-498C-A367-077705C84405}.Release|ARM.Build.0 = Release|Any CPU
		{893A3C0B-B9AD-498C-A367-077705C84405}.Release|ARM.Deploy.0 = Release|Any CPU
		{893A3C0B-B9AD-498C-A367-077705C84405}.Release|iPhone.ActiveCfg = Release|Any CPU
		{893A3C0B-B9AD-498C-A367-077705C84405}.Release|iPhone.Build.0 = Release|Any CPU
		{893A3C0B-B9AD-498C-A367-077705C84405}.Release|iPhone.Deploy.0 = Release|Any CPU
		{893A3C0B-B9AD-498C-A367-077705C84405}.Release|iPhoneSimulator.ActiveCfg = Release|Any CPU
		{893A3C0B-B9AD-498C-A367-077705C84405}.Release|iPhoneSimulator.Build.0 = Release|Any CPU
		{893A3C0B-B9AD-498C-A367-077705C84405}.Release|iPhoneSimulator.Deploy.0 = Release|Any CPU
		{893A3C0B-B9AD-498C-A367-077705C84405}.Release|x64.ActiveCfg = Release|Any CPU
		{893A3C0B-B9AD-498C-A367-077705C84405}.Release|x64.Build.0 = Release|Any CPU
		{893A3C0B-B9AD-498C-A367-077705C84405}.Release|x64.Deploy.0 = Release|Any CPU
		{893A3C0B-B9AD-498C-A367-077705C84405}.Release|x86.ActiveCfg = Release|Any CPU
		{893A3C0B-B9AD-498C-A367-077705C84405}.Release|x86.Build.0 = Release|Any CPU
		{893A3C0B-B9AD-498C-A367-077705C84405}.Release|x86.Deploy.0 = Release|Any CPU
		{893A3C0B-B9AD-498C-A367-077705C84405}.TKT|Any CPU.ActiveCfg = TKT|Any CPU
		{893A3C0B-B9AD-498C-A367-077705C84405}.TKT|Any CPU.Build.0 = TKT|Any CPU
		{893A3C0B-B9AD-498C-A367-077705C84405}.TKT|Any CPU.Deploy.0 = TKT|Any CPU
		{893A3C0B-B9AD-498C-A367-077705C84405}.TKT|ARM.ActiveCfg = TKT|Any CPU
		{893A3C0B-B9AD-498C-A367-077705C84405}.TKT|ARM.Build.0 = TKT|Any CPU
		{893A3C0B-B9AD-498C-A367-077705C84405}.TKT|ARM.Deploy.0 = TKT|Any CPU
		{893A3C0B-B9AD-498C-A367-077705C84405}.TKT|iPhone.ActiveCfg = TKT|Any CPU
		{893A3C0B-B9AD-498C-A367-077705C84405}.TKT|iPhone.Build.0 = TKT|Any CPU
		{893A3C0B-B9AD-498C-A367-077705C84405}.TKT|iPhone.Deploy.0 = TKT|Any CPU
		{893A3C0B-B9AD-498C-A367-077705C84405}.TKT|iPhoneSimulator.ActiveCfg = TKT|Any CPU
		{893A3C0B-B9AD-498C-A367-077705C84405}.TKT|iPhoneSimulator.Build.0 = TKT|Any CPU
		{893A3C0B-B9AD-498C-A367-077705C84405}.TKT|iPhoneSimulator.Deploy.0 = TKT|Any CPU
		{893A3C0B-B9AD-498C-A367-077705C84405}.TKT|x64.ActiveCfg = TKT|Any CPU
		{893A3C0B-B9AD-498C-A367-077705C84405}.TKT|x64.Build.0 = TKT|Any CPU
		{893A3C0B-B9AD-498C-A367-077705C84405}.TKT|x64.Deploy.0 = TKT|Any CPU
		{893A3C0B-B9AD-498C-A367-077705C84405}.TKT|x86.ActiveCfg = TKT|Any CPU
		{893A3C0B-B9AD-498C-A367-077705C84405}.TKT|x86.Build.0 = TKT|Any CPU
		{893A3C0B-B9AD-498C-A367-077705C84405}.TKT|x86.Deploy.0 = TKT|Any CPU
		{CA24B7EB-9448-4C5F-A049-4E61119DBD0A}.Debug|Any CPU.ActiveCfg = Debug|Any CPU
		{CA24B7EB-9448-4C5F-A049-4E61119DBD0A}.Debug|Any CPU.Build.0 = Debug|Any CPU
		{CA24B7EB-9448-4C5F-A049-4E61119DBD0A}.Debug|Any CPU.Deploy.0 = Debug|Any CPU
		{CA24B7EB-9448-4C5F-A049-4E61119DBD0A}.Debug|ARM.ActiveCfg = Debug|Any CPU
		{CA24B7EB-9448-4C5F-A049-4E61119DBD0A}.Debug|ARM.Build.0 = Debug|Any CPU
		{CA24B7EB-9448-4C5F-A049-4E61119DBD0A}.Debug|iPhone.ActiveCfg = Debug|Any CPU
		{CA24B7EB-9448-4C5F-A049-4E61119DBD0A}.Debug|iPhone.Build.0 = Debug|Any CPU
		{CA24B7EB-9448-4C5F-A049-4E61119DBD0A}.Debug|iPhone.Deploy.0 = Debug|Any CPU
		{CA24B7EB-9448-4C5F-A049-4E61119DBD0A}.Debug|iPhoneSimulator.ActiveCfg = Debug|Any CPU
		{CA24B7EB-9448-4C5F-A049-4E61119DBD0A}.Debug|iPhoneSimulator.Build.0 = Debug|Any CPU
		{CA24B7EB-9448-4C5F-A049-4E61119DBD0A}.Debug|iPhoneSimulator.Deploy.0 = Debug|Any CPU
		{CA24B7EB-9448-4C5F-A049-4E61119DBD0A}.Debug|x64.ActiveCfg = Debug|Any CPU
		{CA24B7EB-9448-4C5F-A049-4E61119DBD0A}.Debug|x64.Build.0 = Debug|Any CPU
		{CA24B7EB-9448-4C5F-A049-4E61119DBD0A}.Debug|x86.ActiveCfg = Debug|Any CPU
		{CA24B7EB-9448-4C5F-A049-4E61119DBD0A}.Debug|x86.Build.0 = Debug|Any CPU
		{CA24B7EB-9448-4C5F-A049-4E61119DBD0A}.Release|Any CPU.ActiveCfg = Release|Any CPU
		{CA24B7EB-9448-4C5F-A049-4E61119DBD0A}.Release|Any CPU.Build.0 = Release|Any CPU
		{CA24B7EB-9448-4C5F-A049-4E61119DBD0A}.Release|Any CPU.Deploy.0 = Release|Any CPU
		{CA24B7EB-9448-4C5F-A049-4E61119DBD0A}.Release|ARM.ActiveCfg = Release|Any CPU
		{CA24B7EB-9448-4C5F-A049-4E61119DBD0A}.Release|ARM.Build.0 = Release|Any CPU
		{CA24B7EB-9448-4C5F-A049-4E61119DBD0A}.Release|iPhone.ActiveCfg = Release|Any CPU
		{CA24B7EB-9448-4C5F-A049-4E61119DBD0A}.Release|iPhone.Build.0 = Release|Any CPU
		{CA24B7EB-9448-4C5F-A049-4E61119DBD0A}.Release|iPhone.Deploy.0 = Release|Any CPU
		{CA24B7EB-9448-4C5F-A049-4E61119DBD0A}.Release|iPhoneSimulator.ActiveCfg = Release|Any CPU
		{CA24B7EB-9448-4C5F-A049-4E61119DBD0A}.Release|iPhoneSimulator.Build.0 = Release|Any CPU
		{CA24B7EB-9448-4C5F-A049-4E61119DBD0A}.Release|iPhoneSimulator.Deploy.0 = Release|Any CPU
		{CA24B7EB-9448-4C5F-A049-4E61119DBD0A}.Release|x64.ActiveCfg = Release|Any CPU
		{CA24B7EB-9448-4C5F-A049-4E61119DBD0A}.Release|x64.Build.0 = Release|Any CPU
		{CA24B7EB-9448-4C5F-A049-4E61119DBD0A}.Release|x86.ActiveCfg = Release|Any CPU
		{CA24B7EB-9448-4C5F-A049-4E61119DBD0A}.Release|x86.Build.0 = Release|Any CPU
		{CA24B7EB-9448-4C5F-A049-4E61119DBD0A}.TKT|Any CPU.ActiveCfg = Release|Any CPU
		{CA24B7EB-9448-4C5F-A049-4E61119DBD0A}.TKT|Any CPU.Build.0 = Release|Any CPU
		{CA24B7EB-9448-4C5F-A049-4E61119DBD0A}.TKT|ARM.ActiveCfg = Release|Any CPU
		{CA24B7EB-9448-4C5F-A049-4E61119DBD0A}.TKT|ARM.Build.0 = Release|Any CPU
		{CA24B7EB-9448-4C5F-A049-4E61119DBD0A}.TKT|iPhone.ActiveCfg = Release|Any CPU
		{CA24B7EB-9448-4C5F-A049-4E61119DBD0A}.TKT|iPhone.Build.0 = Release|Any CPU
		{CA24B7EB-9448-4C5F-A049-4E61119DBD0A}.TKT|iPhoneSimulator.ActiveCfg = Release|Any CPU
		{CA24B7EB-9448-4C5F-A049-4E61119DBD0A}.TKT|iPhoneSimulator.Build.0 = Release|Any CPU
		{CA24B7EB-9448-4C5F-A049-4E61119DBD0A}.TKT|x64.ActiveCfg = Release|Any CPU
		{CA24B7EB-9448-4C5F-A049-4E61119DBD0A}.TKT|x64.Build.0 = Release|Any CPU
		{CA24B7EB-9448-4C5F-A049-4E61119DBD0A}.TKT|x86.ActiveCfg = Release|Any CPU
		{CA24B7EB-9448-4C5F-A049-4E61119DBD0A}.TKT|x86.Build.0 = Release|Any CPU
		{4C905F69-34CA-4311-B39F-F26BFF366665}.Debug|Any CPU.ActiveCfg = Debug|Any CPU
		{4C905F69-34CA-4311-B39F-F26BFF366665}.Debug|Any CPU.Build.0 = Debug|Any CPU
		{4C905F69-34CA-4311-B39F-F26BFF366665}.Debug|ARM.ActiveCfg = Debug|Any CPU
		{4C905F69-34CA-4311-B39F-F26BFF366665}.Debug|ARM.Build.0 = Debug|Any CPU
		{4C905F69-34CA-4311-B39F-F26BFF366665}.Debug|iPhone.ActiveCfg = Debug|Any CPU
		{4C905F69-34CA-4311-B39F-F26BFF366665}.Debug|iPhone.Build.0 = Debug|Any CPU
		{4C905F69-34CA-4311-B39F-F26BFF366665}.Debug|iPhoneSimulator.ActiveCfg = Debug|Any CPU
		{4C905F69-34CA-4311-B39F-F26BFF366665}.Debug|iPhoneSimulator.Build.0 = Debug|Any CPU
		{4C905F69-34CA-4311-B39F-F26BFF366665}.Debug|x64.ActiveCfg = Debug|Any CPU
		{4C905F69-34CA-4311-B39F-F26BFF366665}.Debug|x64.Build.0 = Debug|Any CPU
		{4C905F69-34CA-4311-B39F-F26BFF366665}.Debug|x86.ActiveCfg = Debug|Any CPU
		{4C905F69-34CA-4311-B39F-F26BFF366665}.Debug|x86.Build.0 = Debug|Any CPU
		{4C905F69-34CA-4311-B39F-F26BFF366665}.Release|Any CPU.ActiveCfg = Release|Any CPU
		{4C905F69-34CA-4311-B39F-F26BFF366665}.Release|Any CPU.Build.0 = Release|Any CPU
		{4C905F69-34CA-4311-B39F-F26BFF366665}.Release|ARM.ActiveCfg = Release|Any CPU
		{4C905F69-34CA-4311-B39F-F26BFF366665}.Release|ARM.Build.0 = Release|Any CPU
		{4C905F69-34CA-4311-B39F-F26BFF366665}.Release|iPhone.ActiveCfg = Release|Any CPU
		{4C905F69-34CA-4311-B39F-F26BFF366665}.Release|iPhone.Build.0 = Release|Any CPU
		{4C905F69-34CA-4311-B39F-F26BFF366665}.Release|iPhoneSimulator.ActiveCfg = Release|Any CPU
		{4C905F69-34CA-4311-B39F-F26BFF366665}.Release|iPhoneSimulator.Build.0 = Release|Any CPU
		{4C905F69-34CA-4311-B39F-F26BFF366665}.Release|x64.ActiveCfg = Release|Any CPU
		{4C905F69-34CA-4311-B39F-F26BFF366665}.Release|x64.Build.0 = Release|Any CPU
		{4C905F69-34CA-4311-B39F-F26BFF366665}.Release|x86.ActiveCfg = Release|Any CPU
		{4C905F69-34CA-4311-B39F-F26BFF366665}.Release|x86.Build.0 = Release|Any CPU
		{4C905F69-34CA-4311-B39F-F26BFF366665}.TKT|Any CPU.ActiveCfg = Debug|Any CPU
		{4C905F69-34CA-4311-B39F-F26BFF366665}.TKT|Any CPU.Build.0 = Debug|Any CPU
		{4C905F69-34CA-4311-B39F-F26BFF366665}.TKT|ARM.ActiveCfg = Debug|Any CPU
		{4C905F69-34CA-4311-B39F-F26BFF366665}.TKT|ARM.Build.0 = Debug|Any CPU
		{4C905F69-34CA-4311-B39F-F26BFF366665}.TKT|iPhone.ActiveCfg = Debug|Any CPU
		{4C905F69-34CA-4311-B39F-F26BFF366665}.TKT|iPhone.Build.0 = Debug|Any CPU
		{4C905F69-34CA-4311-B39F-F26BFF366665}.TKT|iPhoneSimulator.ActiveCfg = Debug|Any CPU
		{4C905F69-34CA-4311-B39F-F26BFF366665}.TKT|iPhoneSimulator.Build.0 = Debug|Any CPU
		{4C905F69-34CA-4311-B39F-F26BFF366665}.TKT|x64.ActiveCfg = Debug|Any CPU
		{4C905F69-34CA-4311-B39F-F26BFF366665}.TKT|x64.Build.0 = Debug|Any CPU
		{4C905F69-34CA-4311-B39F-F26BFF366665}.TKT|x86.ActiveCfg = Debug|Any CPU
		{4C905F69-34CA-4311-B39F-F26BFF366665}.TKT|x86.Build.0 = Debug|Any CPU
		{F38698DE-11A3-4626-8FE8-772C1B52DEAB}.Debug|Any CPU.ActiveCfg = Debug|Any CPU
		{F38698DE-11A3-4626-8FE8-772C1B52DEAB}.Debug|Any CPU.Build.0 = Debug|Any CPU
		{F38698DE-11A3-4626-8FE8-772C1B52DEAB}.Debug|ARM.ActiveCfg = Debug|Any CPU
		{F38698DE-11A3-4626-8FE8-772C1B52DEAB}.Debug|ARM.Build.0 = Debug|Any CPU
		{F38698DE-11A3-4626-8FE8-772C1B52DEAB}.Debug|iPhone.ActiveCfg = Debug|Any CPU
		{F38698DE-11A3-4626-8FE8-772C1B52DEAB}.Debug|iPhone.Build.0 = Debug|Any CPU
		{F38698DE-11A3-4626-8FE8-772C1B52DEAB}.Debug|iPhoneSimulator.ActiveCfg = Debug|Any CPU
		{F38698DE-11A3-4626-8FE8-772C1B52DEAB}.Debug|iPhoneSimulator.Build.0 = Debug|Any CPU
		{F38698DE-11A3-4626-8FE8-772C1B52DEAB}.Debug|x64.ActiveCfg = Debug|Any CPU
		{F38698DE-11A3-4626-8FE8-772C1B52DEAB}.Debug|x64.Build.0 = Debug|Any CPU
		{F38698DE-11A3-4626-8FE8-772C1B52DEAB}.Debug|x86.ActiveCfg = Debug|Any CPU
		{F38698DE-11A3-4626-8FE8-772C1B52DEAB}.Debug|x86.Build.0 = Debug|Any CPU
		{F38698DE-11A3-4626-8FE8-772C1B52DEAB}.Release|Any CPU.ActiveCfg = Release|Any CPU
		{F38698DE-11A3-4626-8FE8-772C1B52DEAB}.Release|Any CPU.Build.0 = Release|Any CPU
		{F38698DE-11A3-4626-8FE8-772C1B52DEAB}.Release|ARM.ActiveCfg = Release|Any CPU
		{F38698DE-11A3-4626-8FE8-772C1B52DEAB}.Release|ARM.Build.0 = Release|Any CPU
		{F38698DE-11A3-4626-8FE8-772C1B52DEAB}.Release|iPhone.ActiveCfg = Release|Any CPU
		{F38698DE-11A3-4626-8FE8-772C1B52DEAB}.Release|iPhone.Build.0 = Release|Any CPU
		{F38698DE-11A3-4626-8FE8-772C1B52DEAB}.Release|iPhoneSimulator.ActiveCfg = Release|Any CPU
		{F38698DE-11A3-4626-8FE8-772C1B52DEAB}.Release|iPhoneSimulator.Build.0 = Release|Any CPU
		{F38698DE-11A3-4626-8FE8-772C1B52DEAB}.Release|x64.ActiveCfg = Release|Any CPU
		{F38698DE-11A3-4626-8FE8-772C1B52DEAB}.Release|x64.Build.0 = Release|Any CPU
		{F38698DE-11A3-4626-8FE8-772C1B52DEAB}.Release|x86.ActiveCfg = Release|Any CPU
		{F38698DE-11A3-4626-8FE8-772C1B52DEAB}.Release|x86.Build.0 = Release|Any CPU
		{F38698DE-11A3-4626-8FE8-772C1B52DEAB}.TKT|Any CPU.ActiveCfg = Debug|Any CPU
		{F38698DE-11A3-4626-8FE8-772C1B52DEAB}.TKT|Any CPU.Build.0 = Debug|Any CPU
		{F38698DE-11A3-4626-8FE8-772C1B52DEAB}.TKT|ARM.ActiveCfg = Debug|Any CPU
		{F38698DE-11A3-4626-8FE8-772C1B52DEAB}.TKT|ARM.Build.0 = Debug|Any CPU
		{F38698DE-11A3-4626-8FE8-772C1B52DEAB}.TKT|iPhone.ActiveCfg = Debug|Any CPU
		{F38698DE-11A3-4626-8FE8-772C1B52DEAB}.TKT|iPhone.Build.0 = Debug|Any CPU
		{F38698DE-11A3-4626-8FE8-772C1B52DEAB}.TKT|iPhoneSimulator.ActiveCfg = Debug|Any CPU
		{F38698DE-11A3-4626-8FE8-772C1B52DEAB}.TKT|iPhoneSimulator.Build.0 = Debug|Any CPU
		{F38698DE-11A3-4626-8FE8-772C1B52DEAB}.TKT|x64.ActiveCfg = Debug|Any CPU
		{F38698DE-11A3-4626-8FE8-772C1B52DEAB}.TKT|x64.Build.0 = Debug|Any CPU
		{F38698DE-11A3-4626-8FE8-772C1B52DEAB}.TKT|x86.ActiveCfg = Debug|Any CPU
		{F38698DE-11A3-4626-8FE8-772C1B52DEAB}.TKT|x86.Build.0 = Debug|Any CPU
		{967E6B9C-0549-4277-AB77-CF5E393EF151}.Debug|Any CPU.ActiveCfg = Debug|Any CPU
		{967E6B9C-0549-4277-AB77-CF5E393EF151}.Debug|Any CPU.Build.0 = Debug|Any CPU
		{967E6B9C-0549-4277-AB77-CF5E393EF151}.Debug|ARM.ActiveCfg = Debug|Any CPU
		{967E6B9C-0549-4277-AB77-CF5E393EF151}.Debug|ARM.Build.0 = Debug|Any CPU
		{967E6B9C-0549-4277-AB77-CF5E393EF151}.Debug|iPhone.ActiveCfg = Debug|Any CPU
		{967E6B9C-0549-4277-AB77-CF5E393EF151}.Debug|iPhone.Build.0 = Debug|Any CPU
		{967E6B9C-0549-4277-AB77-CF5E393EF151}.Debug|iPhoneSimulator.ActiveCfg = Debug|Any CPU
		{967E6B9C-0549-4277-AB77-CF5E393EF151}.Debug|iPhoneSimulator.Build.0 = Debug|Any CPU
		{967E6B9C-0549-4277-AB77-CF5E393EF151}.Debug|x64.ActiveCfg = Debug|Any CPU
		{967E6B9C-0549-4277-AB77-CF5E393EF151}.Debug|x64.Build.0 = Debug|Any CPU
		{967E6B9C-0549-4277-AB77-CF5E393EF151}.Debug|x86.ActiveCfg = Debug|Any CPU
		{967E6B9C-0549-4277-AB77-CF5E393EF151}.Debug|x86.Build.0 = Debug|Any CPU
		{967E6B9C-0549-4277-AB77-CF5E393EF151}.Release|Any CPU.ActiveCfg = Release|Any CPU
		{967E6B9C-0549-4277-AB77-CF5E393EF151}.Release|Any CPU.Build.0 = Release|Any CPU
		{967E6B9C-0549-4277-AB77-CF5E393EF151}.Release|ARM.ActiveCfg = Release|Any CPU
		{967E6B9C-0549-4277-AB77-CF5E393EF151}.Release|ARM.Build.0 = Release|Any CPU
		{967E6B9C-0549-4277-AB77-CF5E393EF151}.Release|iPhone.ActiveCfg = Release|Any CPU
		{967E6B9C-0549-4277-AB77-CF5E393EF151}.Release|iPhone.Build.0 = Release|Any CPU
		{967E6B9C-0549-4277-AB77-CF5E393EF151}.Release|iPhoneSimulator.ActiveCfg = Release|Any CPU
		{967E6B9C-0549-4277-AB77-CF5E393EF151}.Release|iPhoneSimulator.Build.0 = Release|Any CPU
		{967E6B9C-0549-4277-AB77-CF5E393EF151}.Release|x64.ActiveCfg = Release|Any CPU
		{967E6B9C-0549-4277-AB77-CF5E393EF151}.Release|x64.Build.0 = Release|Any CPU
		{967E6B9C-0549-4277-AB77-CF5E393EF151}.Release|x86.ActiveCfg = Release|Any CPU
		{967E6B9C-0549-4277-AB77-CF5E393EF151}.Release|x86.Build.0 = Release|Any CPU
		{967E6B9C-0549-4277-AB77-CF5E393EF151}.TKT|Any CPU.ActiveCfg = Debug|Any CPU
		{967E6B9C-0549-4277-AB77-CF5E393EF151}.TKT|Any CPU.Build.0 = Debug|Any CPU
		{967E6B9C-0549-4277-AB77-CF5E393EF151}.TKT|ARM.ActiveCfg = Debug|Any CPU
		{967E6B9C-0549-4277-AB77-CF5E393EF151}.TKT|ARM.Build.0 = Debug|Any CPU
		{967E6B9C-0549-4277-AB77-CF5E393EF151}.TKT|iPhone.ActiveCfg = Debug|Any CPU
		{967E6B9C-0549-4277-AB77-CF5E393EF151}.TKT|iPhone.Build.0 = Debug|Any CPU
		{967E6B9C-0549-4277-AB77-CF5E393EF151}.TKT|iPhoneSimulator.ActiveCfg = Debug|Any CPU
		{967E6B9C-0549-4277-AB77-CF5E393EF151}.TKT|iPhoneSimulator.Build.0 = Debug|Any CPU
		{967E6B9C-0549-4277-AB77-CF5E393EF151}.TKT|x64.ActiveCfg = Debug|Any CPU
		{967E6B9C-0549-4277-AB77-CF5E393EF151}.TKT|x64.Build.0 = Debug|Any CPU
		{967E6B9C-0549-4277-AB77-CF5E393EF151}.TKT|x86.ActiveCfg = Debug|Any CPU
		{967E6B9C-0549-4277-AB77-CF5E393EF151}.TKT|x86.Build.0 = Debug|Any CPU
	EndGlobalSection
	GlobalSection(SolutionProperties) = preSolution
		HideSolutionNode = FALSE
	EndGlobalSection
	GlobalSection(NestedProjects) = preSolution
		{893A3C0B-B9AD-498C-A367-077705C84405} = {95A2A94E-73FB-4E7D-9107-A208E363807E}
		{CA24B7EB-9448-4C5F-A049-4E61119DBD0A} = {95A2A94E-73FB-4E7D-9107-A208E363807E}
		{4C905F69-34CA-4311-B39F-F26BFF366665} = {01116344-24F0-4D6F-B4A4-FF1D0BDF441E}
		{F38698DE-11A3-4626-8FE8-772C1B52DEAB} = {01116344-24F0-4D6F-B4A4-FF1D0BDF441E}
		{967E6B9C-0549-4277-AB77-CF5E393EF151} = {01116344-24F0-4D6F-B4A4-FF1D0BDF441E}
	EndGlobalSection
	GlobalSection(ExtensibilityGlobals) = postSolution
		SolutionGuid = {0970BF99-CAB3-4357-B11C-8CFA36FBB69A}
	EndGlobalSection
EndGlobal
