
Microsoft Visual Studio Solution File, Format Version 12.00
# Visual Studio Version 16
VisualStudioVersion = 16.0.30523.141
MinimumVisualStudioVersion = 10.0.40219.1
Project("{FAE04EC0-301F-11D3-BF4B-00C04F79EFBC}") = "AppColeta.UWP", "AppColeta.UWP\AppColeta.UWP.csproj", "{1490EAD9-3A85-4D01-8F0E-2E4EDDAFC2EC}"
EndProject
Project("{FAE04EC0-301F-11D3-BF4B-00C04F79EFBC}") = "AppColeta.Android", "AppColeta.Android\AppColeta.Android.csproj", "{FC10EABB-7949-439C-8B39-5DF2691FC50A}"
EndProject
Project("{FAE04EC0-301F-11D3-BF4B-00C04F79EFBC}") = "AppColeta.iOS", "AppColeta.iOS\AppColeta.iOS.csproj", "{09E3418E-534E-4D42-9D25-1678E386111C}"
EndProject
Project("{FAE04EC0-301F-11D3-BF4B-00C04F79EFBC}") = "AppColeta", "AppColeta\AppColeta.csproj", "{E4296B12-B308-4E85-BEA7-1160A46EA511}"
EndProject
Global
	GlobalSection(SolutionConfigurationPlatforms) = preSolution
		Debug|Any CPU = Debug|Any CPU
		Debug|ARM = Debug|ARM
		Debug|iPhone = Debug|iPhone
		Debug|iPhoneSimulator = Debug|iPhoneSimulator
		Debug|x64 = Debug|x64
		Debug|x86 = Debug|x86
		Release|Any CPU = Release|Any CPU
		Release|ARM = Release|ARM
		Release|iPhone = Release|iPhone
		Release|iPhoneSimulator = Release|iPhoneSimulator
		Release|x64 = Release|x64
		Release|x86 = Release|x86
	EndGlobalSection
	GlobalSection(ProjectConfigurationPlatforms) = postSolution
		{1490EAD9-3A85-4D01-8F0E-2E4EDDAFC2EC}.Debug|Any CPU.ActiveCfg = Debug|x86
		{1490EAD9-3A85-4D01-8F0E-2E4EDDAFC2EC}.Debug|Any CPU.Build.0 = Debug|x86
		{1490EAD9-3A85-4D01-8F0E-2E4EDDAFC2EC}.Debug|Any CPU.Deploy.0 = Debug|x86
		{1490EAD9-3A85-4D01-8F0E-2E4EDDAFC2EC}.Debug|ARM.ActiveCfg = Debug|ARM
		{1490EAD9-3A85-4D01-8F0E-2E4EDDAFC2EC}.Debug|ARM.Build.0 = Debug|ARM
		{1490EAD9-3A85-4D01-8F0E-2E4EDDAFC2EC}.Debug|ARM.Deploy.0 = Debug|ARM
		{1490EAD9-3A85-4D01-8F0E-2E4EDDAFC2EC}.Debug|iPhone.ActiveCfg = Debug|x86
		{1490EAD9-3A85-4D01-8F0E-2E4EDDAFC2EC}.Debug|iPhone.Build.0 = Debug|x86
		{1490EAD9-3A85-4D01-8F0E-2E4EDDAFC2EC}.Debug|iPhone.Deploy.0 = Debug|x86
		{1490EAD9-3A85-4D01-8F0E-2E4EDDAFC2EC}.Debug|iPhoneSimulator.ActiveCfg = Debug|x86
		{1490EAD9-3A85-4D01-8F0E-2E4EDDAFC2EC}.Debug|iPhoneSimulator.Build.0 = Debug|x86
		{1490EAD9-3A85-4D01-8F0E-2E4EDDAFC2EC}.Debug|iPhoneSimulator.Deploy.0 = Debug|x86
		{1490EAD9-3A85-4D01-8F0E-2E4EDDAFC2EC}.Debug|x64.ActiveCfg = Debug|x64
		{1490EAD9-3A85-4D01-8F0E-2E4EDDAFC2EC}.Debug|x64.Build.0 = Debug|x64
		{1490EAD9-3A85-4D01-8F0E-2E4EDDAFC2EC}.Debug|x64.Deploy.0 = Debug|x64
		{1490EAD9-3A85-4D01-8F0E-2E4EDDAFC2EC}.Debug|x86.ActiveCfg = Debug|x86
		{1490EAD9-3A85-4D01-8F0E-2E4EDDAFC2EC}.Debug|x86.Build.0 = Debug|x86
		{1490EAD9-3A85-4D01-8F0E-2E4EDDAFC2EC}.Debug|x86.Deploy.0 = Debug|x86
		{1490EAD9-3A85-4D01-8F0E-2E4EDDAFC2EC}.Release|Any CPU.ActiveCfg = Release|x86
		{1490EAD9-3A85-4D01-8F0E-2E4EDDAFC2EC}.Release|Any CPU.Build.0 = Release|x86
		{1490EAD9-3A85-4D01-8F0E-2E4EDDAFC2EC}.Release|Any CPU.Deploy.0 = Release|x86
		{1490EAD9-3A85-4D01-8F0E-2E4EDDAFC2EC}.Release|ARM.ActiveCfg = Release|ARM
		{1490EAD9-3A85-4D01-8F0E-2E4EDDAFC2EC}.Release|ARM.Build.0 = Release|ARM
		{1490EAD9-3A85-4D01-8F0E-2E4EDDAFC2EC}.Release|ARM.Deploy.0 = Release|ARM
		{1490EAD9-3A85-4D01-8F0E-2E4EDDAFC2EC}.Release|iPhone.ActiveCfg = Release|x86
		{1490EAD9-3A85-4D01-8F0E-2E4EDDAFC2EC}.Release|iPhone.Build.0 = Release|x86
		{1490EAD9-3A85-4D01-8F0E-2E4EDDAFC2EC}.Release|iPhone.Deploy.0 = Release|x86
		{1490EAD9-3A85-4D01-8F0E-2E4EDDAFC2EC}.Release|iPhoneSimulator.ActiveCfg = Release|x86
		{1490EAD9-3A85-4D01-8F0E-2E4EDDAFC2EC}.Release|iPhoneSimulator.Build.0 = Release|x86
		{1490EAD9-3A85-4D01-8F0E-2E4EDDAFC2EC}.Release|iPhoneSimulator.Deploy.0 = Release|x86
		{1490EAD9-3A85-4D01-8F0E-2E4EDDAFC2EC}.Release|x64.ActiveCfg = Release|x64
		{1490EAD9-3A85-4D01-8F0E-2E4EDDAFC2EC}.Release|x64.Build.0 = Release|x64
		{1490EAD9-3A85-4D01-8F0E-2E4EDDAFC2EC}.Release|x64.Deploy.0 = Release|x64
		{1490EAD9-3A85-4D01-8F0E-2E4EDDAFC2EC}.Release|x86.ActiveCfg = Release|x86
		{1490EAD9-3A85-4D01-8F0E-2E4EDDAFC2EC}.Release|x86.Build.0 = Release|x86
		{1490EAD9-3A85-4D01-8F0E-2E4EDDAFC2EC}.Release|x86.Deploy.0 = Release|x86
		{FC10EABB-7949-439C-8B39-5DF2691FC50A}.Debug|Any CPU.ActiveCfg = Debug|Any CPU
		{FC10EABB-7949-439C-8B39-5DF2691FC50A}.Debug|Any CPU.Build.0 = Debug|Any CPU
		{FC10EABB-7949-439C-8B39-5DF2691FC50A}.Debug|Any CPU.Deploy.0 = Debug|Any CPU
		{FC10EABB-7949-439C-8B39-5DF2691FC50A}.Debug|ARM.ActiveCfg = Debug|Any CPU
		{FC10EABB-7949-439C-8B39-5DF2691FC50A}.Debug|ARM.Build.0 = Debug|Any CPU
		{FC10EABB-7949-439C-8B39-5DF2691FC50A}.Debug|ARM.Deploy.0 = Debug|Any CPU
		{FC10EABB-7949-439C-8B39-5DF2691FC50A}.Debug|iPhone.ActiveCfg = Debug|Any CPU
		{FC10EABB-7949-439C-8B39-5DF2691FC50A}.Debug|iPhone.Build.0 = Debug|Any CPU
		{FC10EABB-7949-439C-8B39-5DF2691FC50A}.Debug|iPhone.Deploy.0 = Debug|Any CPU
		{FC10EABB-7949-439C-8B39-5DF2691FC50A}.Debug|iPhoneSimulator.ActiveCfg = Debug|Any CPU
		{FC10EABB-7949-439C-8B39-5DF2691FC50A}.Debug|iPhoneSimulator.Build.0 = Debug|Any CPU
		{FC10EABB-7949-439C-8B39-5DF2691FC50A}.Debug|iPhoneSimulator.Deploy.0 = Debug|Any CPU
		{FC10EABB-7949-439C-8B39-5DF2691FC50A}.Debug|x64.ActiveCfg = Debug|Any CPU
		{FC10EABB-7949-439C-8B39-5DF2691FC50A}.Debug|x64.Build.0 = Debug|Any CPU
		{FC10EABB-7949-439C-8B39-5DF2691FC50A}.Debug|x64.Deploy.0 = Debug|Any CPU
		{FC10EABB-7949-439C-8B39-5DF2691FC50A}.Debug|x86.ActiveCfg = Debug|Any CPU
		{FC10EABB-7949-439C-8B39-5DF2691FC50A}.Debug|x86.Build.0 = Debug|Any CPU
		{FC10EABB-7949-439C-8B39-5DF2691FC50A}.Debug|x86.Deploy.0 = Debug|Any CPU
		{FC10EABB-7949-439C-8B39-5DF2691FC50A}.Release|Any CPU.ActiveCfg = Release|Any CPU
		{FC10EABB-7949-439C-8B39-5DF2691FC50A}.Release|Any CPU.Build.0 = Release|Any CPU
		{FC10EABB-7949-439C-8B39-5DF2691FC50A}.Release|Any CPU.Deploy.0 = Release|Any CPU
		{FC10EABB-7949-439C-8B39-5DF2691FC50A}.Release|ARM.ActiveCfg = Release|Any CPU
		{FC10EABB-7949-439C-8B39-5DF2691FC50A}.Release|ARM.Build.0 = Release|Any CPU
		{FC10EABB-7949-439C-8B39-5DF2691FC50A}.Release|ARM.Deploy.0 = Release|Any CPU
		{FC10EABB-7949-439C-8B39-5DF2691FC50A}.Release|iPhone.ActiveCfg = Release|Any CPU
		{FC10EABB-7949-439C-8B39-5DF2691FC50A}.Release|iPhone.Build.0 = Release|Any CPU
		{FC10EABB-7949-439C-8B39-5DF2691FC50A}.Release|iPhone.Deploy.0 = Release|Any CPU
		{FC10EABB-7949-439C-8B39-5DF2691FC50A}.Release|iPhoneSimulator.ActiveCfg = Release|Any CPU
		{FC10EABB-7949-439C-8B39-5DF2691FC50A}.Release|iPhoneSimulator.Build.0 = Release|Any CPU
		{FC10EABB-7949-439C-8B39-5DF2691FC50A}.Release|iPhoneSimulator.Deploy.0 = Release|Any CPU
		{FC10EABB-7949-439C-8B39-5DF2691FC50A}.Release|x64.ActiveCfg = Release|Any CPU
		{FC10EABB-7949-439C-8B39-5DF2691FC50A}.Release|x64.Build.0 = Release|Any CPU
		{FC10EABB-7949-439C-8B39-5DF2691FC50A}.Release|x64.Deploy.0 = Release|Any CPU
		{FC10EABB-7949-439C-8B39-5DF2691FC50A}.Release|x86.ActiveCfg = Release|Any CPU
		{FC10EABB-7949-439C-8B39-5DF2691FC50A}.Release|x86.Build.0 = Release|Any CPU
		{FC10EABB-7949-439C-8B39-5DF2691FC50A}.Release|x86.Deploy.0 = Release|Any CPU
		{09E3418E-534E-4D42-9D25-1678E386111C}.Debug|Any CPU.ActiveCfg = Debug|iPhoneSimulator
		{09E3418E-534E-4D42-9D25-1678E386111C}.Debug|Any CPU.Build.0 = Debug|iPhoneSimulator
		{09E3418E-534E-4D42-9D25-1678E386111C}.Debug|Any CPU.Deploy.0 = Debug|iPhoneSimulator
		{09E3418E-534E-4D42-9D25-1678E386111C}.Debug|ARM.ActiveCfg = Debug|iPhone
		{09E3418E-534E-4D42-9D25-1678E386111C}.Debug|ARM.Build.0 = Debug|iPhone
		{09E3418E-534E-4D42-9D25-1678E386111C}.Debug|ARM.Deploy.0 = Debug|iPhone
		{09E3418E-534E-4D42-9D25-1678E386111C}.Debug|iPhone.ActiveCfg = Debug|iPhone
		{09E3418E-534E-4D42-9D25-1678E386111C}.Debug|iPhone.Build.0 = Debug|iPhone
		{09E3418E-534E-4D42-9D25-1678E386111C}.Debug|iPhone.Deploy.0 = Debug|iPhone
		{09E3418E-534E-4D42-9D25-1678E386111C}.Debug|iPhoneSimulator.ActiveCfg = Debug|iPhoneSimulator
		{09E3418E-534E-4D42-9D25-1678E386111C}.Debug|iPhoneSimulator.Build.0 = Debug|iPhoneSimulator
		{09E3418E-534E-4D42-9D25-1678E386111C}.Debug|iPhoneSimulator.Deploy.0 = Debug|iPhoneSimulator
		{09E3418E-534E-4D42-9D25-1678E386111C}.Debug|x64.ActiveCfg = Debug|iPhoneSimulator
		{09E3418E-534E-4D42-9D25-1678E386111C}.Debug|x64.Build.0 = Debug|iPhoneSimulator
		{09E3418E-534E-4D42-9D25-1678E386111C}.Debug|x64.Deploy.0 = Debug|iPhoneSimulator
		{09E3418E-534E-4D42-9D25-1678E386111C}.Debug|x86.ActiveCfg = Debug|iPhoneSimulator
		{09E3418E-534E-4D42-9D25-1678E386111C}.Debug|x86.Build.0 = Debug|iPhoneSimulator
		{09E3418E-534E-4D42-9D25-1678E386111C}.Debug|x86.Deploy.0 = Debug|iPhoneSimulator
		{09E3418E-534E-4D42-9D25-1678E386111C}.Release|Any CPU.ActiveCfg = Release|iPhoneSimulator
		{09E3418E-534E-4D42-9D25-1678E386111C}.Release|Any CPU.Build.0 = Release|iPhoneSimulator
		{09E3418E-534E-4D42-9D25-1678E386111C}.Release|Any CPU.Deploy.0 = Release|iPhoneSimulator
		{09E3418E-534E-4D42-9D25-1678E386111C}.Release|ARM.ActiveCfg = Release|iPhoneSimulator
		{09E3418E-534E-4D42-9D25-1678E386111C}.Release|ARM.Build.0 = Release|iPhoneSimulator
		{09E3418E-534E-4D42-9D25-1678E386111C}.Release|ARM.Deploy.0 = Release|iPhoneSimulator
		{09E3418E-534E-4D42-9D25-1678E386111C}.Release|iPhone.ActiveCfg = Release|iPhone
		{09E3418E-534E-4D42-9D25-1678E386111C}.Release|iPhone.Build.0 = Release|iPhone
		{09E3418E-534E-4D42-9D25-1678E386111C}.Release|iPhone.Deploy.0 = Release|iPhone
		{09E3418E-534E-4D42-9D25-1678E386111C}.Release|iPhoneSimulator.ActiveCfg = Release|iPhoneSimulator
		{09E3418E-534E-4D42-9D25-1678E386111C}.Release|iPhoneSimulator.Build.0 = Release|iPhoneSimulator
		{09E3418E-534E-4D42-9D25-1678E386111C}.Release|iPhoneSimulator.Deploy.0 = Release|iPhoneSimulator
		{09E3418E-534E-4D42-9D25-1678E386111C}.Release|x64.ActiveCfg = Release|iPhoneSimulator
		{09E3418E-534E-4D42-9D25-1678E386111C}.Release|x64.Build.0 = Release|iPhoneSimulator
		{09E3418E-534E-4D42-9D25-1678E386111C}.Release|x64.Deploy.0 = Release|iPhoneSimulator
		{09E3418E-534E-4D42-9D25-1678E386111C}.Release|x86.ActiveCfg = Release|iPhoneSimulator
		{09E3418E-534E-4D42-9D25-1678E386111C}.Release|x86.Build.0 = Release|iPhoneSimulator
		{09E3418E-534E-4D42-9D25-1678E386111C}.Release|x86.Deploy.0 = Release|iPhoneSimulator
		{E4296B12-B308-4E85-BEA7-1160A46EA511}.Debug|Any CPU.ActiveCfg = Debug|Any CPU
		{E4296B12-B308-4E85-BEA7-1160A46EA511}.Debug|Any CPU.Build.0 = Debug|Any CPU
		{E4296B12-B308-4E85-BEA7-1160A46EA511}.Debug|Any CPU.Deploy.0 = Debug|Any CPU
		{E4296B12-B308-4E85-BEA7-1160A46EA511}.Debug|ARM.ActiveCfg = Debug|Any CPU
		{E4296B12-B308-4E85-BEA7-1160A46EA511}.Debug|ARM.Build.0 = Debug|Any CPU
		{E4296B12-B308-4E85-BEA7-1160A46EA511}.Debug|ARM.Deploy.0 = Debug|Any CPU
		{E4296B12-B308-4E85-BEA7-1160A46EA511}.Debug|iPhone.ActiveCfg = Debug|Any CPU
		{E4296B12-B308-4E85-BEA7-1160A46EA511}.Debug|iPhone.Build.0 = Debug|Any CPU
		{E4296B12-B308-4E85-BEA7-1160A46EA511}.Debug|iPhone.Deploy.0 = Debug|Any CPU
		{E4296B12-B308-4E85-BEA7-1160A46EA511}.Debug|iPhoneSimulator.ActiveCfg = Debug|Any CPU
		{E4296B12-B308-4E85-BEA7-1160A46EA511}.Debug|iPhoneSimulator.Build.0 = Debug|Any CPU
		{E4296B12-B308-4E85-BEA7-1160A46EA511}.Debug|iPhoneSimulator.Deploy.0 = Debug|Any CPU
		{E4296B12-B308-4E85-BEA7-1160A46EA511}.Debug|x64.ActiveCfg = Debug|Any CPU
		{E4296B12-B308-4E85-BEA7-1160A46EA511}.Debug|x64.Build.0 = Debug|Any CPU
		{E4296B12-B308-4E85-BEA7-1160A46EA511}.Debug|x64.Deploy.0 = Debug|Any CPU
		{E4296B12-B308-4E85-BEA7-1160A46EA511}.Debug|x86.ActiveCfg = Debug|Any CPU
		{E4296B12-B308-4E85-BEA7-1160A46EA511}.Debug|x86.Build.0 = Debug|Any CPU
		{E4296B12-B308-4E85-BEA7-1160A46EA511}.Debug|x86.Deploy.0 = Debug|Any CPU
		{E4296B12-B308-4E85-BEA7-1160A46EA511}.Release|Any CPU.ActiveCfg = Release|Any CPU
		{E4296B12-B308-4E85-BEA7-1160A46EA511}.Release|Any CPU.Build.0 = Release|Any CPU
		{E4296B12-B308-4E85-BEA7-1160A46EA511}.Release|Any CPU.Deploy.0 = Release|Any CPU
		{E4296B12-B308-4E85-BEA7-1160A46EA511}.Release|ARM.ActiveCfg = Release|Any CPU
		{E4296B12-B308-4E85-BEA7-1160A46EA511}.Release|ARM.Build.0 = Release|Any CPU
		{E4296B12-B308-4E85-BEA7-1160A46EA511}.Release|ARM.Deploy.0 = Release|Any CPU
		{E4296B12-B308-4E85-BEA7-1160A46EA511}.Release|iPhone.ActiveCfg = Release|Any CPU
		{E4296B12-B308-4E85-BEA7-1160A46EA511}.Release|iPhone.Build.0 = Release|Any CPU
		{E4296B12-B308-4E85-BEA7-1160A46EA511}.Release|iPhone.Deploy.0 = Release|Any CPU
		{E4296B12-B308-4E85-BEA7-1160A46EA511}.Release|iPhoneSimulator.ActiveCfg = Release|Any CPU
		{E4296B12-B308-4E85-BEA7-1160A46EA511}.Release|iPhoneSimulator.Build.0 = Release|Any CPU
		{E4296B12-B308-4E85-BEA7-1160A46EA511}.Release|iPhoneSimulator.Deploy.0 = Release|Any CPU
		{E4296B12-B308-4E85-BEA7-1160A46EA511}.Release|x64.ActiveCfg = Release|Any CPU
		{E4296B12-B308-4E85-BEA7-1160A46EA511}.Release|x64.Build.0 = Release|Any CPU
		{E4296B12-B308-4E85-BEA7-1160A46EA511}.Release|x64.Deploy.0 = Release|Any CPU
		{E4296B12-B308-4E85-BEA7-1160A46EA511}.Release|x86.ActiveCfg = Release|Any CPU
		{E4296B12-B308-4E85-BEA7-1160A46EA511}.Release|x86.Build.0 = Release|Any CPU
		{E4296B12-B308-4E85-BEA7-1160A46EA511}.Release|x86.Deploy.0 = Release|Any CPU
	EndGlobalSection
	GlobalSection(SolutionProperties) = preSolution
		HideSolutionNode = FALSE
	EndGlobalSection
	GlobalSection(ExtensibilityGlobals) = postSolution
		SolutionGuid = {C2261C6F-08F2-415B-AD3E-8A1C66589A4F}
	EndGlobalSection
EndGlobal
