
Microsoft Visual Studio Solution File, Format Version 12.00
# Visual Studio Version 16
VisualStudioVersion = 16.0.30523.141
MinimumVisualStudioVersion = 10.0.40219.1
Project("{FAE04EC0-301F-11D3-BF4B-00C04F79EFBC}") = "AppColeta.Android", "AppColeta.Android\AppColeta.Android.csproj", "{893A3C0B-B9AD-498C-A367-077705C84405}"
EndProject
Project("{9A19103F-16F7-4668-BE54-9A1E7A4F7556}") = "AppColeta", "AppColeta\AppColeta.csproj", "{CA24B7EB-9448-4C5F-A049-4E61119DBD0A}"
EndProject
Project("{9A19103F-16F7-4668-BE54-9A1E7A4F7556}") = "SOTechLib", "..\Library\SOTechLib\SOTechLib.csproj", "{4E70CD16-F50D-4D23-BC5C-DE6A61FAD733}"
EndProject
Global
	GlobalSection(SolutionConfigurationPlatforms) = preSolution
		Debug|Any CPU = Debug|Any CPU
		Debug|ARM = Debug|ARM
		Debug|iPhone = Debug|iPhone
		Debug|iPhoneSimulator = Debug|iPhoneSimulator
		Debug|x64 = Debug|x64
		Debug|x86 = Debug|x86
		Release|Any CPU = Release|Any CPU
		Release|ARM = Release|ARM
		Release|iPhone = Release|iPhone
		Release|iPhoneSimulator = Release|iPhoneSimulator
		Release|x64 = Release|x64
		Release|x86 = Release|x86
		TKT|Any CPU = TKT|Any CPU
		TKT|ARM = TKT|ARM
		TKT|iPhone = TKT|iPhone
		TKT|iPhoneSimulator = TKT|iPhoneSimulator
		TKT|x64 = TKT|x64
		TKT|x86 = TKT|x86
	EndGlobalSection
	GlobalSection(ProjectConfigurationPlatforms) = postSolution
		{893A3C0B-B9AD-498C-A367-077705C84405}.Debug|Any CPU.ActiveCfg = Debug|Any CPU
		{893A3C0B-B9AD-498C-A367-077705C84405}.Debug|Any CPU.Build.0 = Debug|Any CPU
		{893A3C0B-B9AD-498C-A367-077705C84405}.Debug|Any CPU.Deploy.0 = Debug|Any CPU
		{893A3C0B-B9AD-498C-A367-077705C84405}.Debug|ARM.ActiveCfg = Debug|Any CPU
		{893A3C0B-B9AD-498C-A367-077705C84405}.Debug|ARM.Build.0 = Debug|Any CPU
		{893A3C0B-B9AD-498C-A367-077705C84405}.Debug|ARM.Deploy.0 = Debug|Any CPU
		{893A3C0B-B9AD-498C-A367-077705C84405}.Debug|iPhone.ActiveCfg = Debug|Any CPU
		{893A3C0B-B9AD-498C-A367-077705C84405}.Debug|iPhone.Build.0 = Debug|Any CPU
		{893A3C0B-B9AD-498C-A367-077705C84405}.Debug|iPhone.Deploy.0 = Debug|Any CPU
		{893A3C0B-B9AD-498C-A367-077705C84405}.Debug|iPhoneSimulator.ActiveCfg = Debug|Any CPU
		{893A3C0B-B9AD-498C-A367-077705C84405}.Debug|iPhoneSimulator.Build.0 = Debug|Any CPU
		{893A3C0B-B9AD-498C-A367-077705C84405}.Debug|iPhoneSimulator.Deploy.0 = Debug|Any CPU
		{893A3C0B-B9AD-498C-A367-077705C84405}.Debug|x64.ActiveCfg = Debug|Any CPU
		{893A3C0B-B9AD-498C-A367-077705C84405}.Debug|x64.Build.0 = Debug|Any CPU
		{893A3C0B-B9AD-498C-A367-077705C84405}.Debug|x64.Deploy.0 = Debug|Any CPU
		{893A3C0B-B9AD-498C-A367-077705C84405}.Debug|x86.ActiveCfg = Debug|Any CPU
		{893A3C0B-B9AD-498C-A367-077705C84405}.Debug|x86.Build.0 = Debug|Any CPU
		{893A3C0B-B9AD-498C-A367-077705C84405}.Debug|x86.Deploy.0 = Debug|Any CPU
		{893A3C0B-B9AD-498C-A367-077705C84405}.Release|Any CPU.ActiveCfg = Release|Any CPU
		{893A3C0B-B9AD-498C-A367-077705C84405}.Release|Any CPU.Build.0 = Release|Any CPU
		{893A3C0B-B9AD-498C-A367-077705C84405}.Release|Any CPU.Deploy.0 = Release|Any CPU
		{893A3C0B-B9AD-498C-A367-077705C84405}.Release|ARM.ActiveCfg = Release|Any CPU
		{893A3C0B-B9AD-498C-A367-077705C84405}.Release|ARM.Build.0 = Release|Any CPU
		{893A3C0B-B9AD-498C-A367-077705C84405}.Release|ARM.Deploy.0 = Release|Any CPU
		{893A3C0B-B9AD-498C-A367-077705C84405}.Release|iPhone.ActiveCfg = Release|Any CPU
		{893A3C0B-B9AD-498C-A367-077705C84405}.Release|iPhone.Build.0 = Release|Any CPU
		{893A3C0B-B9AD-498C-A367-077705C84405}.Release|iPhone.Deploy.0 = Release|Any CPU
		{893A3C0B-B9AD-498C-A367-077705C84405}.Release|iPhoneSimulator.ActiveCfg = Release|Any CPU
		{893A3C0B-B9AD-498C-A367-077705C84405}.Release|iPhoneSimulator.Build.0 = Release|Any CPU
		{893A3C0B-B9AD-498C-A367-077705C84405}.Release|iPhoneSimulator.Deploy.0 = Release|Any CPU
		{893A3C0B-B9AD-498C-A367-077705C84405}.Release|x64.ActiveCfg = Release|Any CPU
		{893A3C0B-B9AD-498C-A367-077705C84405}.Release|x64.Build.0 = Release|Any CPU
		{893A3C0B-B9AD-498C-A367-077705C84405}.Release|x64.Deploy.0 = Release|Any CPU
		{893A3C0B-B9AD-498C-A367-077705C84405}.Release|x86.ActiveCfg = Release|Any CPU
		{893A3C0B-B9AD-498C-A367-077705C84405}.Release|x86.Build.0 = Release|Any CPU
		{893A3C0B-B9AD-498C-A367-077705C84405}.Release|x86.Deploy.0 = Release|Any CPU
		{893A3C0B-B9AD-498C-A367-077705C84405}.TKT|Any CPU.ActiveCfg = TKT|Any CPU
		{893A3C0B-B9AD-498C-A367-077705C84405}.TKT|Any CPU.Build.0 = TKT|Any CPU
		{893A3C0B-B9AD-498C-A367-077705C84405}.TKT|Any CPU.Deploy.0 = TKT|Any CPU
		{893A3C0B-B9AD-498C-A367-077705C84405}.TKT|ARM.ActiveCfg = TKT|Any CPU
		{893A3C0B-B9AD-498C-A367-077705C84405}.TKT|ARM.Build.0 = TKT|Any CPU
		{893A3C0B-B9AD-498C-A367-077705C84405}.TKT|ARM.Deploy.0 = TKT|Any CPU
		{893A3C0B-B9AD-498C-A367-077705C84405}.TKT|iPhone.ActiveCfg = TKT|Any CPU
		{893A3C0B-B9AD-498C-A367-077705C84405}.TKT|iPhone.Build.0 = TKT|Any CPU
		{893A3C0B-B9AD-498C-A367-077705C84405}.TKT|iPhone.Deploy.0 = TKT|Any CPU
		{893A3C0B-B9AD-498C-A367-077705C84405}.TKT|iPhoneSimulator.ActiveCfg = TKT|Any CPU
		{893A3C0B-B9AD-498C-A367-077705C84405}.TKT|iPhoneSimulator.Build.0 = TKT|Any CPU
		{893A3C0B-B9AD-498C-A367-077705C84405}.TKT|iPhoneSimulator.Deploy.0 = TKT|Any CPU
		{893A3C0B-B9AD-498C-A367-077705C84405}.TKT|x64.ActiveCfg = TKT|Any CPU
		{893A3C0B-B9AD-498C-A367-077705C84405}.TKT|x64.Build.0 = TKT|Any CPU
		{893A3C0B-B9AD-498C-A367-077705C84405}.TKT|x64.Deploy.0 = TKT|Any CPU
		{893A3C0B-B9AD-498C-A367-077705C84405}.TKT|x86.ActiveCfg = TKT|Any CPU
		{893A3C0B-B9AD-498C-A367-077705C84405}.TKT|x86.Build.0 = TKT|Any CPU
		{893A3C0B-B9AD-498C-A367-077705C84405}.TKT|x86.Deploy.0 = TKT|Any CPU
		{CA24B7EB-9448-4C5F-A049-4E61119DBD0A}.Debug|Any CPU.ActiveCfg = Debug|Any CPU
		{CA24B7EB-9448-4C5F-A049-4E61119DBD0A}.Debug|Any CPU.Build.0 = Debug|Any CPU
		{CA24B7EB-9448-4C5F-A049-4E61119DBD0A}.Debug|Any CPU.Deploy.0 = Debug|Any CPU
		{CA24B7EB-9448-4C5F-A049-4E61119DBD0A}.Debug|ARM.ActiveCfg = Debug|Any CPU
		{CA24B7EB-9448-4C5F-A049-4E61119DBD0A}.Debug|ARM.Build.0 = Debug|Any CPU
		{CA24B7EB-9448-4C5F-A049-4E61119DBD0A}.Debug|iPhone.ActiveCfg = Debug|Any CPU
		{CA24B7EB-9448-4C5F-A049-4E61119DBD0A}.Debug|iPhone.Build.0 = Debug|Any CPU
		{CA24B7EB-9448-4C5F-A049-4E61119DBD0A}.Debug|iPhone.Deploy.0 = Debug|Any CPU
		{CA24B7EB-9448-4C5F-A049-4E61119DBD0A}.Debug|iPhoneSimulator.ActiveCfg = Debug|Any CPU
		{CA24B7EB-9448-4C5F-A049-4E61119DBD0A}.Debug|iPhoneSimulator.Build.0 = Debug|Any CPU
		{CA24B7EB-9448-4C5F-A049-4E61119DBD0A}.Debug|iPhoneSimulator.Deploy.0 = Debug|Any CPU
		{CA24B7EB-9448-4C5F-A049-4E61119DBD0A}.Debug|x64.ActiveCfg = Debug|Any CPU
		{CA24B7EB-9448-4C5F-A049-4E61119DBD0A}.Debug|x64.Build.0 = Debug|Any CPU
		{CA24B7EB-9448-4C5F-A049-4E61119DBD0A}.Debug|x86.ActiveCfg = Debug|Any CPU
		{CA24B7EB-9448-4C5F-A049-4E61119DBD0A}.Debug|x86.Build.0 = Debug|Any CPU
		{CA24B7EB-9448-4C5F-A049-4E61119DBD0A}.Release|Any CPU.ActiveCfg = Release|Any CPU
		{CA24B7EB-9448-4C5F-A049-4E61119DBD0A}.Release|Any CPU.Build.0 = Release|Any CPU
		{CA24B7EB-9448-4C5F-A049-4E61119DBD0A}.Release|Any CPU.Deploy.0 = Release|Any CPU
		{CA24B7EB-9448-4C5F-A049-4E61119DBD0A}.Release|ARM.ActiveCfg = Release|Any CPU
		{CA24B7EB-9448-4C5F-A049-4E61119DBD0A}.Release|ARM.Build.0 = Release|Any CPU
		{CA24B7EB-9448-4C5F-A049-4E61119DBD0A}.Release|iPhone.ActiveCfg = Release|Any CPU
		{CA24B7EB-9448-4C5F-A049-4E61119DBD0A}.Release|iPhone.Build.0 = Release|Any CPU
		{CA24B7EB-9448-4C5F-A049-4E61119DBD0A}.Release|iPhone.Deploy.0 = Release|Any CPU
		{CA24B7EB-9448-4C5F-A049-4E61119DBD0A}.Release|iPhoneSimulator.ActiveCfg = Release|Any CPU
		{CA24B7EB-9448-4C5F-A049-4E61119DBD0A}.Release|iPhoneSimulator.Build.0 = Release|Any CPU
		{CA24B7EB-9448-4C5F-A049-4E61119DBD0A}.Release|iPhoneSimulator.Deploy.0 = Release|Any CPU
		{CA24B7EB-9448-4C5F-A049-4E61119DBD0A}.Release|x64.ActiveCfg = Release|Any CPU
		{CA24B7EB-9448-4C5F-A049-4E61119DBD0A}.Release|x64.Build.0 = Release|Any CPU
		{CA24B7EB-9448-4C5F-A049-4E61119DBD0A}.Release|x86.ActiveCfg = Release|Any CPU
		{CA24B7EB-9448-4C5F-A049-4E61119DBD0A}.Release|x86.Build.0 = Release|Any CPU
		{CA24B7EB-9448-4C5F-A049-4E61119DBD0A}.TKT|Any CPU.ActiveCfg = TKT|Any CPU
		{CA24B7EB-9448-4C5F-A049-4E61119DBD0A}.TKT|Any CPU.Build.0 = TKT|Any CPU
		{CA24B7EB-9448-4C5F-A049-4E61119DBD0A}.TKT|ARM.ActiveCfg = TKT|Any CPU
		{CA24B7EB-9448-4C5F-A049-4E61119DBD0A}.TKT|ARM.Build.0 = TKT|Any CPU
		{CA24B7EB-9448-4C5F-A049-4E61119DBD0A}.TKT|iPhone.ActiveCfg = TKT|Any CPU
		{CA24B7EB-9448-4C5F-A049-4E61119DBD0A}.TKT|iPhone.Build.0 = TKT|Any CPU
		{CA24B7EB-9448-4C5F-A049-4E61119DBD0A}.TKT|iPhoneSimulator.ActiveCfg = TKT|Any CPU
		{CA24B7EB-9448-4C5F-A049-4E61119DBD0A}.TKT|iPhoneSimulator.Build.0 = TKT|Any CPU
		{CA24B7EB-9448-4C5F-A049-4E61119DBD0A}.TKT|x64.ActiveCfg = TKT|Any CPU
		{CA24B7EB-9448-4C5F-A049-4E61119DBD0A}.TKT|x64.Build.0 = TKT|Any CPU
		{CA24B7EB-9448-4C5F-A049-4E61119DBD0A}.TKT|x86.ActiveCfg = TKT|Any CPU
		{CA24B7EB-9448-4C5F-A049-4E61119DBD0A}.TKT|x86.Build.0 = TKT|Any CPU
		{4E70CD16-F50D-4D23-BC5C-DE6A61FAD733}.Debug|Any CPU.ActiveCfg = Debug|Any CPU
		{4E70CD16-F50D-4D23-BC5C-DE6A61FAD733}.Debug|Any CPU.Build.0 = Debug|Any CPU
		{4E70CD16-F50D-4D23-BC5C-DE6A61FAD733}.Debug|ARM.ActiveCfg = Debug|Any CPU
		{4E70CD16-F50D-4D23-BC5C-DE6A61FAD733}.Debug|ARM.Build.0 = Debug|Any CPU
		{4E70CD16-F50D-4D23-BC5C-DE6A61FAD733}.Debug|iPhone.ActiveCfg = Debug|Any CPU
		{4E70CD16-F50D-4D23-BC5C-DE6A61FAD733}.Debug|iPhone.Build.0 = Debug|Any CPU
		{4E70CD16-F50D-4D23-BC5C-DE6A61FAD733}.Debug|iPhoneSimulator.ActiveCfg = Debug|Any CPU
		{4E70CD16-F50D-4D23-BC5C-DE6A61FAD733}.Debug|iPhoneSimulator.Build.0 = Debug|Any CPU
		{4E70CD16-F50D-4D23-BC5C-DE6A61FAD733}.Debug|x64.ActiveCfg = Debug|Any CPU
		{4E70CD16-F50D-4D23-BC5C-DE6A61FAD733}.Debug|x64.Build.0 = Debug|Any CPU
		{4E70CD16-F50D-4D23-BC5C-DE6A61FAD733}.Debug|x86.ActiveCfg = Debug|Any CPU
		{4E70CD16-F50D-4D23-BC5C-DE6A61FAD733}.Debug|x86.Build.0 = Debug|Any CPU
		{4E70CD16-F50D-4D23-BC5C-DE6A61FAD733}.Release|Any CPU.ActiveCfg = Release|Any CPU
		{4E70CD16-F50D-4D23-BC5C-DE6A61FAD733}.Release|Any CPU.Build.0 = Release|Any CPU
		{4E70CD16-F50D-4D23-BC5C-DE6A61FAD733}.Release|ARM.ActiveCfg = Release|Any CPU
		{4E70CD16-F50D-4D23-BC5C-DE6A61FAD733}.Release|ARM.Build.0 = Release|Any CPU
		{4E70CD16-F50D-4D23-BC5C-DE6A61FAD733}.Release|iPhone.ActiveCfg = Release|Any CPU
		{4E70CD16-F50D-4D23-BC5C-DE6A61FAD733}.Release|iPhone.Build.0 = Release|Any CPU
		{4E70CD16-F50D-4D23-BC5C-DE6A61FAD733}.Release|iPhoneSimulator.ActiveCfg = Release|Any CPU
		{4E70CD16-F50D-4D23-BC5C-DE6A61FAD733}.Release|iPhoneSimulator.Build.0 = Release|Any CPU
		{4E70CD16-F50D-4D23-BC5C-DE6A61FAD733}.Release|x64.ActiveCfg = Release|Any CPU
		{4E70CD16-F50D-4D23-BC5C-DE6A61FAD733}.Release|x64.Build.0 = Release|Any CPU
		{4E70CD16-F50D-4D23-BC5C-DE6A61FAD733}.Release|x86.ActiveCfg = Release|Any CPU
		{4E70CD16-F50D-4D23-BC5C-DE6A61FAD733}.Release|x86.Build.0 = Release|Any CPU
		{4E70CD16-F50D-4D23-BC5C-DE6A61FAD733}.TKT|Any CPU.ActiveCfg = TKT|Any CPU
		{4E70CD16-F50D-4D23-BC5C-DE6A61FAD733}.TKT|Any CPU.Build.0 = TKT|Any CPU
		{4E70CD16-F50D-4D23-BC5C-DE6A61FAD733}.TKT|ARM.ActiveCfg = TKT|Any CPU
		{4E70CD16-F50D-4D23-BC5C-DE6A61FAD733}.TKT|ARM.Build.0 = TKT|Any CPU
		{4E70CD16-F50D-4D23-BC5C-DE6A61FAD733}.TKT|iPhone.ActiveCfg = TKT|Any CPU
		{4E70CD16-F50D-4D23-BC5C-DE6A61FAD733}.TKT|iPhone.Build.0 = TKT|Any CPU
		{4E70CD16-F50D-4D23-BC5C-DE6A61FAD733}.TKT|iPhoneSimulator.ActiveCfg = TKT|Any CPU
		{4E70CD16-F50D-4D23-BC5C-DE6A61FAD733}.TKT|iPhoneSimulator.Build.0 = TKT|Any CPU
		{4E70CD16-F50D-4D23-BC5C-DE6A61FAD733}.TKT|x64.ActiveCfg = TKT|Any CPU
		{4E70CD16-F50D-4D23-BC5C-DE6A61FAD733}.TKT|x64.Build.0 = TKT|Any CPU
		{4E70CD16-F50D-4D23-BC5C-DE6A61FAD733}.TKT|x86.ActiveCfg = TKT|Any CPU
		{4E70CD16-F50D-4D23-BC5C-DE6A61FAD733}.TKT|x86.Build.0 = TKT|Any CPU
	EndGlobalSection
	GlobalSection(SolutionProperties) = preSolution
		HideSolutionNode = FALSE
	EndGlobalSection
	GlobalSection(ExtensibilityGlobals) = postSolution
		SolutionGuid = {0970BF99-CAB3-4357-B11C-8CFA36FBB69A}
	EndGlobalSection
EndGlobal
